
Microsoft Visual Studio Solution File, Format Version 12.00
# Visual Studio Version 17
VisualStudioVersion = 17.6.33829.357
MinimumVisualStudioVersion = 10.0.40219.1
Project("{FAE04EC0-301F-11D3-BF4B-00C04F79EFBC}") = "SSSSReborn", "SSSSReborn\SSSSReborn.csproj", "{21F47D86-BD10-448E-AB28-D3E6E67D7254}"
EndProject
Project("{FAE04EC0-301F-11D3-BF4B-00C04F79EFBC}") = "SSSSModCreator", "SSSSModCreator\SSSSModCreator.csproj", "{525D9B3F-E4F9-4DE7-8C7E-759B52874B1E}"
EndProject
Global
	GlobalSection(SolutionConfigurationPlatforms) = preSolution
		Debug|Any CPU = Debug|Any CPU
		Release|Any CPU = Release|Any CPU
	EndGlobalSection
	GlobalSection(ProjectConfigurationPlatforms) = postSolution
		{21F47D86-BD10-448E-AB28-D3E6E67D7254}.Debug|Any CPU.ActiveCfg = Debug|Any CPU
		{21F47D86-BD10-448E-AB28-D3E6E67D7254}.Debug|Any CPU.Build.0 = Debug|Any CPU
		{21F47D86-BD10-448E-AB28-D3E6E67D7254}.Release|Any CPU.ActiveCfg = Release|Any CPU
		{21F47D86-BD10-448E-AB28-D3E6E67D7254}.Release|Any CPU.Build.0 = Release|Any CPU
		{525D9B3F-E4F9-4DE7-8C7E-759B52874B1E}.Debug|Any CPU.ActiveCfg = Debug|Any CPU
		{525D9B3F-E4F9-4DE7-8C7E-759B52874B1E}.Debug|Any CPU.Build.0 = Debug|Any CPU
		{525D9B3F-E4F9-4DE7-8C7E-759B52874B1E}.Release|Any CPU.ActiveCfg = Release|Any CPU
		{525D9B3F-E4F9-4DE7-8C7E-759B52874B1E}.Release|Any CPU.Build.0 = Release|Any CPU
	EndGlobalSection
	GlobalSection(SolutionProperties) = preSolution
		HideSolutionNode = FALSE
	EndGlobalSection
	GlobalSection(ExtensibilityGlobals) = postSolution
		SolutionGuid = {2C45BC02-9856-4A8C-9DFD-BF1DDD4CD9BC}
	EndGlobalSection
EndGlobal
